// !$*UTF8*$!
{
	archiveVersion = 1;
	classes = {
	};
	objectVersion = 55;
	objects = {

/* Begin PBXBuildFile section */
		3570B2184E6CCEF5C57BE85F /* Pods_Crypto.framework in Frameworks */ = {isa = PBXBuildFile; fileRef = A51644BD283DD51B6204BD3F /* Pods_Crypto.framework */; };
		C0396A8828590A4A00023554 /* DoubleInt+Extension.swift in Sources */ = {isa = PBXBuildFile; fileRef = C0396A8728590A4A00023554 /* DoubleInt+Extension.swift */; };
		C0396A9E28590B0800023554 /* MarketInfoViewModel.swift in Sources */ = {isa = PBXBuildFile; fileRef = C0396A8B28590B0800023554 /* MarketInfoViewModel.swift */; };
		C0396A9F28590B0800023554 /* CoinsModel.swift in Sources */ = {isa = PBXBuildFile; fileRef = C0396A8D28590B0800023554 /* CoinsModel.swift */; };
		C0396AA028590B0800023554 /* GlobalMarketModel.swift in Sources */ = {isa = PBXBuildFile; fileRef = C0396A8E28590B0800023554 /* GlobalMarketModel.swift */; };
		C0396AA128590B0800023554 /* CoinService.swift in Sources */ = {isa = PBXBuildFile; fileRef = C0396A9028590B0800023554 /* CoinService.swift */; };
		C0396AA228590B0800023554 /* GlobalMarketService.swift in Sources */ = {isa = PBXBuildFile; fileRef = C0396A9128590B0800023554 /* GlobalMarketService.swift */; };
		C0396AA328590B0800023554 /* MarketInfoTableViewCell.xib in Resources */ = {isa = PBXBuildFile; fileRef = C0396A9428590B0800023554 /* MarketInfoTableViewCell.xib */; };
		C0396AA428590B0800023554 /* MarketInfoTableViewCell.swift in Sources */ = {isa = PBXBuildFile; fileRef = C0396A9528590B0800023554 /* MarketInfoTableViewCell.swift */; };
		C0396AA528590B0800023554 /* GlobalInfoCollectionViewCell.xib in Resources */ = {isa = PBXBuildFile; fileRef = C0396A9728590B0800023554 /* GlobalInfoCollectionViewCell.xib */; };
		C0396AA628590B0800023554 /* GlobalInfoCollectionViewCell.swift in Sources */ = {isa = PBXBuildFile; fileRef = C0396A9828590B0800023554 /* GlobalInfoCollectionViewCell.swift */; };
		C0396AA728590B0800023554 /* MarketInfoViewController.swift in Sources */ = {isa = PBXBuildFile; fileRef = C0396A9A28590B0800023554 /* MarketInfoViewController.swift */; };
		C0396AA828590B0800023554 /* MarketInfoTableViewHelper.swift in Sources */ = {isa = PBXBuildFile; fileRef = C0396A9C28590B0800023554 /* MarketInfoTableViewHelper.swift */; };
		C0396AA928590B0800023554 /* MarketInfoCollectionViewHelper.swift in Sources */ = {isa = PBXBuildFile; fileRef = C0396A9D28590B0800023554 /* MarketInfoCollectionViewHelper.swift */; };
		C0396AAB28590B6100023554 /* LaunchScreen.storyboard in Resources */ = {isa = PBXBuildFile; fileRef = C0396AAA28590B6100023554 /* LaunchScreen.storyboard */; };
		C0C74AC42858AA1800E32399 /* AppDelegate.swift in Sources */ = {isa = PBXBuildFile; fileRef = C0C74AC32858AA1800E32399 /* AppDelegate.swift */; };
		C0C74AC62858AA1800E32399 /* SceneDelegate.swift in Sources */ = {isa = PBXBuildFile; fileRef = C0C74AC52858AA1800E32399 /* SceneDelegate.swift */; };
		C0C74AC82858AA1800E32399 /* ViewController.swift in Sources */ = {isa = PBXBuildFile; fileRef = C0C74AC72858AA1800E32399 /* ViewController.swift */; };
		C0C74ACB2858AA1800E32399 /* Main.storyboard in Resources */ = {isa = PBXBuildFile; fileRef = C0C74AC92858AA1800E32399 /* Main.storyboard */; };
		C0C74ACD2858AA1B00E32399 /* Assets.xcassets in Resources */ = {isa = PBXBuildFile; fileRef = C0C74ACC2858AA1B00E32399 /* Assets.xcassets */; };
		C0C74AE12858AE9D00E32399 /* LoginViewController.swift in Sources */ = {isa = PBXBuildFile; fileRef = C0C74AE02858AE9D00E32399 /* LoginViewController.swift */; };
		C0C74AE42858AEE800E32399 /* LoginViewModel.swift in Sources */ = {isa = PBXBuildFile; fileRef = C0C74AE32858AEE800E32399 /* LoginViewModel.swift */; };
		C0C74AE72858AF6200E32399 /* UITextField+Extension.swift in Sources */ = {isa = PBXBuildFile; fileRef = C0C74AE62858AF6200E32399 /* UITextField+Extension.swift */; };
		C0C74AED2858B33500E32399 /* SettingsViewController.swift in Sources */ = {isa = PBXBuildFile; fileRef = C0C74AEC2858B33500E32399 /* SettingsViewController.swift */; };
		C0C74AEF2858B3B100E32399 /* Websites.swift in Sources */ = {isa = PBXBuildFile; fileRef = C0C74AEE2858B3B100E32399 /* Websites.swift */; };
		C0C74AF12858B3CA00E32399 /* SettingsViewModel.swift in Sources */ = {isa = PBXBuildFile; fileRef = C0C74AF02858B3CA00E32399 /* SettingsViewModel.swift */; };
		C0C74AF52858B6CA00E32399 /* WebviewViewController.swift in Sources */ = {isa = PBXBuildFile; fileRef = C0C74AF42858B6CA00E32399 /* WebviewViewController.swift */; };
		C0E3EFBA2859282500D81B68 /* DetailViewController.swift in Sources */ = {isa = PBXBuildFile; fileRef = C0E3EFB92859282500D81B68 /* DetailViewController.swift */; };
		C0E3EFBD2859296D00D81B68 /* SpecificCoinDataService.swift in Sources */ = {isa = PBXBuildFile; fileRef = C0E3EFBC2859296D00D81B68 /* SpecificCoinDataService.swift */; };
		C0E3EFC028592A0C00D81B68 /* SpecificCoinModel.swift in Sources */ = {isa = PBXBuildFile; fileRef = C0E3EFBF28592A0C00D81B68 /* SpecificCoinModel.swift */; };
		C0E3EFC328592A3F00D81B68 /* DetailViewModel.swift in Sources */ = {isa = PBXBuildFile; fileRef = C0E3EFC228592A3F00D81B68 /* DetailViewModel.swift */; };
		C0E3EFC628592B6500D81B68 /* Charts in Frameworks */ = {isa = PBXBuildFile; productRef = C0E3EFC528592B6500D81B68 /* Charts */; };
/* End PBXBuildFile section */

/* Begin PBXFileReference section */
		302441CF62FD9AAC343F0E0B /* Pods-Crypto.release.xcconfig */ = {isa = PBXFileReference; includeInIndex = 1; lastKnownFileType = text.xcconfig; name = "Pods-Crypto.release.xcconfig"; path = "Target Support Files/Pods-Crypto/Pods-Crypto.release.xcconfig"; sourceTree = "<group>"; };
		A51644BD283DD51B6204BD3F /* Pods_Crypto.framework */ = {isa = PBXFileReference; explicitFileType = wrapper.framework; includeInIndex = 0; path = Pods_Crypto.framework; sourceTree = BUILT_PRODUCTS_DIR; };
		C0396A8728590A4A00023554 /* DoubleInt+Extension.swift */ = {isa = PBXFileReference; fileEncoding = 4; lastKnownFileType = sourcecode.swift; path = "DoubleInt+Extension.swift"; sourceTree = "<group>"; };
		C0396A8B28590B0800023554 /* MarketInfoViewModel.swift */ = {isa = PBXFileReference; fileEncoding = 4; lastKnownFileType = sourcecode.swift; path = MarketInfoViewModel.swift; sourceTree = "<group>"; };
		C0396A8D28590B0800023554 /* CoinsModel.swift */ = {isa = PBXFileReference; fileEncoding = 4; lastKnownFileType = sourcecode.swift; path = CoinsModel.swift; sourceTree = "<group>"; };
		C0396A8E28590B0800023554 /* GlobalMarketModel.swift */ = {isa = PBXFileReference; fileEncoding = 4; lastKnownFileType = sourcecode.swift; path = GlobalMarketModel.swift; sourceTree = "<group>"; };
		C0396A9028590B0800023554 /* CoinService.swift */ = {isa = PBXFileReference; fileEncoding = 4; lastKnownFileType = sourcecode.swift; path = CoinService.swift; sourceTree = "<group>"; };
		C0396A9128590B0800023554 /* GlobalMarketService.swift */ = {isa = PBXFileReference; fileEncoding = 4; lastKnownFileType = sourcecode.swift; path = GlobalMarketService.swift; sourceTree = "<group>"; };
		C0396A9428590B0800023554 /* MarketInfoTableViewCell.xib */ = {isa = PBXFileReference; fileEncoding = 4; lastKnownFileType = file.xib; path = MarketInfoTableViewCell.xib; sourceTree = "<group>"; };
		C0396A9528590B0800023554 /* MarketInfoTableViewCell.swift */ = {isa = PBXFileReference; fileEncoding = 4; lastKnownFileType = sourcecode.swift; path = MarketInfoTableViewCell.swift; sourceTree = "<group>"; };
		C0396A9728590B0800023554 /* GlobalInfoCollectionViewCell.xib */ = {isa = PBXFileReference; fileEncoding = 4; lastKnownFileType = file.xib; path = GlobalInfoCollectionViewCell.xib; sourceTree = "<group>"; };
		C0396A9828590B0800023554 /* GlobalInfoCollectionViewCell.swift */ = {isa = PBXFileReference; fileEncoding = 4; lastKnownFileType = sourcecode.swift; path = GlobalInfoCollectionViewCell.swift; sourceTree = "<group>"; };
		C0396A9A28590B0800023554 /* MarketInfoViewController.swift */ = {isa = PBXFileReference; fileEncoding = 4; lastKnownFileType = sourcecode.swift; path = MarketInfoViewController.swift; sourceTree = "<group>"; };
		C0396A9C28590B0800023554 /* MarketInfoTableViewHelper.swift */ = {isa = PBXFileReference; fileEncoding = 4; lastKnownFileType = sourcecode.swift; path = MarketInfoTableViewHelper.swift; sourceTree = "<group>"; };
		C0396A9D28590B0800023554 /* MarketInfoCollectionViewHelper.swift */ = {isa = PBXFileReference; fileEncoding = 4; lastKnownFileType = sourcecode.swift; path = MarketInfoCollectionViewHelper.swift; sourceTree = "<group>"; };
		C0396AAA28590B6100023554 /* LaunchScreen.storyboard */ = {isa = PBXFileReference; fileEncoding = 4; lastKnownFileType = file.storyboard; path = LaunchScreen.storyboard; sourceTree = "<group>"; };
		C0C74AC02858AA1800E32399 /* Crypto.app */ = {isa = PBXFileReference; explicitFileType = wrapper.application; includeInIndex = 0; path = Crypto.app; sourceTree = BUILT_PRODUCTS_DIR; };
		C0C74AC32858AA1800E32399 /* AppDelegate.swift */ = {isa = PBXFileReference; lastKnownFileType = sourcecode.swift; path = AppDelegate.swift; sourceTree = "<group>"; };
		C0C74AC52858AA1800E32399 /* SceneDelegate.swift */ = {isa = PBXFileReference; lastKnownFileType = sourcecode.swift; path = SceneDelegate.swift; sourceTree = "<group>"; };
		C0C74AC72858AA1800E32399 /* ViewController.swift */ = {isa = PBXFileReference; lastKnownFileType = sourcecode.swift; path = ViewController.swift; sourceTree = "<group>"; };
		C0C74ACA2858AA1800E32399 /* Base */ = {isa = PBXFileReference; lastKnownFileType = file.storyboard; name = Base; path = Base.lproj/Main.storyboard; sourceTree = "<group>"; };
		C0C74ACC2858AA1B00E32399 /* Assets.xcassets */ = {isa = PBXFileReference; lastKnownFileType = folder.assetcatalog; path = Assets.xcassets; sourceTree = "<group>"; };
		C0C74AD12858AA1B00E32399 /* Info.plist */ = {isa = PBXFileReference; lastKnownFileType = text.plist.xml; path = Info.plist; sourceTree = "<group>"; };
		C0C74AE02858AE9D00E32399 /* LoginViewController.swift */ = {isa = PBXFileReference; lastKnownFileType = sourcecode.swift; path = LoginViewController.swift; sourceTree = "<group>"; };
		C0C74AE32858AEE800E32399 /* LoginViewModel.swift */ = {isa = PBXFileReference; lastKnownFileType = sourcecode.swift; path = LoginViewModel.swift; sourceTree = "<group>"; };
		C0C74AE62858AF6200E32399 /* UITextField+Extension.swift */ = {isa = PBXFileReference; lastKnownFileType = sourcecode.swift; path = "UITextField+Extension.swift"; sourceTree = "<group>"; };
		C0C74AEC2858B33500E32399 /* SettingsViewController.swift */ = {isa = PBXFileReference; lastKnownFileType = sourcecode.swift; path = SettingsViewController.swift; sourceTree = "<group>"; };
		C0C74AEE2858B3B100E32399 /* Websites.swift */ = {isa = PBXFileReference; lastKnownFileType = sourcecode.swift; path = Websites.swift; sourceTree = "<group>"; };
		C0C74AF02858B3CA00E32399 /* SettingsViewModel.swift */ = {isa = PBXFileReference; lastKnownFileType = sourcecode.swift; path = SettingsViewModel.swift; sourceTree = "<group>"; };
		C0C74AF42858B6CA00E32399 /* WebviewViewController.swift */ = {isa = PBXFileReference; lastKnownFileType = sourcecode.swift; path = WebviewViewController.swift; sourceTree = "<group>"; };
		C0E3EFB92859282500D81B68 /* DetailViewController.swift */ = {isa = PBXFileReference; fileEncoding = 4; lastKnownFileType = sourcecode.swift; path = DetailViewController.swift; sourceTree = "<group>"; };
		C0E3EFBC2859296D00D81B68 /* SpecificCoinDataService.swift */ = {isa = PBXFileReference; fileEncoding = 4; lastKnownFileType = sourcecode.swift; path = SpecificCoinDataService.swift; sourceTree = "<group>"; };
		C0E3EFBF28592A0C00D81B68 /* SpecificCoinModel.swift */ = {isa = PBXFileReference; fileEncoding = 4; lastKnownFileType = sourcecode.swift; path = SpecificCoinModel.swift; sourceTree = "<group>"; };
		C0E3EFC228592A3F00D81B68 /* DetailViewModel.swift */ = {isa = PBXFileReference; fileEncoding = 4; lastKnownFileType = sourcecode.swift; path = DetailViewModel.swift; sourceTree = "<group>"; };
		DD646E5ED12022B6A7F43637 /* Pods-Crypto.debug.xcconfig */ = {isa = PBXFileReference; includeInIndex = 1; lastKnownFileType = text.xcconfig; name = "Pods-Crypto.debug.xcconfig"; path = "Target Support Files/Pods-Crypto/Pods-Crypto.debug.xcconfig"; sourceTree = "<group>"; };
/* End PBXFileReference section */

/* Begin PBXFrameworksBuildPhase section */
		C0C74ABD2858AA1800E32399 /* Frameworks */ = {
			isa = PBXFrameworksBuildPhase;
			buildActionMask = 2147483647;
			files = (
				3570B2184E6CCEF5C57BE85F /* Pods_Crypto.framework in Frameworks */,
				C0E3EFC628592B6500D81B68 /* Charts in Frameworks */,
			);
			runOnlyForDeploymentPostprocessing = 0;
		};
/* End PBXFrameworksBuildPhase section */

/* Begin PBXGroup section */
		60A4D759191FB33AC188D25D /* Frameworks */ = {
			isa = PBXGroup;
			children = (
				A51644BD283DD51B6204BD3F /* Pods_Crypto.framework */,
			);
			name = Frameworks;
			sourceTree = "<group>";
		};
		C0396A8928590B0800023554 /* MarketInfo */ = {
			isa = PBXGroup;
			children = (
				C0396A8F28590B0800023554 /* API Service */,
				C0396A8C28590B0800023554 /* Models */,
				C0396A9228590B0800023554 /* Components */,
				C0396A8A28590B0800023554 /* ViewModel */,
				C0396A9928590B0800023554 /* ViewController */,
				C0396A9B28590B0800023554 /* Helpers */,
			);
			path = MarketInfo;
			sourceTree = "<group>";
		};
		C0396A8A28590B0800023554 /* ViewModel */ = {
			isa = PBXGroup;
			children = (
				C0396A8B28590B0800023554 /* MarketInfoViewModel.swift */,
			);
			path = ViewModel;
			sourceTree = "<group>";
		};
		C0396A8C28590B0800023554 /* Models */ = {
			isa = PBXGroup;
			children = (
				C0396A8D28590B0800023554 /* CoinsModel.swift */,
				C0396A8E28590B0800023554 /* GlobalMarketModel.swift */,
			);
			path = Models;
			sourceTree = "<group>";
		};
		C0396A8F28590B0800023554 /* API Service */ = {
			isa = PBXGroup;
			children = (
				C0396A9028590B0800023554 /* CoinService.swift */,
				C0396A9128590B0800023554 /* GlobalMarketService.swift */,
			);
			path = "API Service";
			sourceTree = "<group>";
		};
		C0396A9228590B0800023554 /* Components */ = {
			isa = PBXGroup;
			children = (
				C0396A9328590B0800023554 /* MarketInfoTableViewCell */,
				C0396A9628590B0800023554 /* GlobalInfoCollectionViewCell */,
			);
			path = Components;
			sourceTree = "<group>";
		};
		C0396A9328590B0800023554 /* MarketInfoTableViewCell */ = {
			isa = PBXGroup;
			children = (
				C0396A9428590B0800023554 /* MarketInfoTableViewCell.xib */,
				C0396A9528590B0800023554 /* MarketInfoTableViewCell.swift */,
			);
			path = MarketInfoTableViewCell;
			sourceTree = "<group>";
		};
		C0396A9628590B0800023554 /* GlobalInfoCollectionViewCell */ = {
			isa = PBXGroup;
			children = (
				C0396A9728590B0800023554 /* GlobalInfoCollectionViewCell.xib */,
				C0396A9828590B0800023554 /* GlobalInfoCollectionViewCell.swift */,
			);
			path = GlobalInfoCollectionViewCell;
			sourceTree = "<group>";
		};
		C0396A9928590B0800023554 /* ViewController */ = {
			isa = PBXGroup;
			children = (
				C0396A9A28590B0800023554 /* MarketInfoViewController.swift */,
			);
			path = ViewController;
			sourceTree = "<group>";
		};
		C0396A9B28590B0800023554 /* Helpers */ = {
			isa = PBXGroup;
			children = (
				C0396A9C28590B0800023554 /* MarketInfoTableViewHelper.swift */,
				C0396A9D28590B0800023554 /* MarketInfoCollectionViewHelper.swift */,
			);
			path = Helpers;
			sourceTree = "<group>";
		};
		C0C74AB72858AA1800E32399 = {
			isa = PBXGroup;
			children = (
				C0C74AC22858AA1800E32399 /* Crypto */,
				C0C74AC12858AA1800E32399 /* Products */,
				C3BA24569E57A483B59C86F7 /* Pods */,
				60A4D759191FB33AC188D25D /* Frameworks */,
			);
			sourceTree = "<group>";
		};
		C0C74AC12858AA1800E32399 /* Products */ = {
			isa = PBXGroup;
			children = (
				C0C74AC02858AA1800E32399 /* Crypto.app */,
			);
			name = Products;
			sourceTree = "<group>";
		};
		C0C74AC22858AA1800E32399 /* Crypto */ = {
			isa = PBXGroup;
			children = (
				C0C74AF22858B6AE00E32399 /* Web Page */,
				C0C74ADE2858AE7300E32399 /* Login */,
				C0C74AE82858B2EF00E32399 /* Settings */,
				C0396A8928590B0800023554 /* MarketInfo */,
				C0E3EFB7285927EC00D81B68 /* Details */,
				C0C74AE52858AF4200E32399 /* Extension */,
				C0C74AC32858AA1800E32399 /* AppDelegate.swift */,
				C0C74AC52858AA1800E32399 /* SceneDelegate.swift */,
				C0C74AC72858AA1800E32399 /* ViewController.swift */,
				C0C74AC92858AA1800E32399 /* Main.storyboard */,
				C0C74ACC2858AA1B00E32399 /* Assets.xcassets */,
				C0396AAA28590B6100023554 /* LaunchScreen.storyboard */,
				C0C74AD12858AA1B00E32399 /* Info.plist */,
			);
			path = Crypto;
			sourceTree = "<group>";
		};
		C0C74ADE2858AE7300E32399 /* Login */ = {
			isa = PBXGroup;
			children = (
				C0C74AE22858AEDA00E32399 /* ViewModel */,
				C0C74ADF2858AE7B00E32399 /* View Controller */,
			);
			path = Login;
			sourceTree = "<group>";
		};
		C0C74ADF2858AE7B00E32399 /* View Controller */ = {
			isa = PBXGroup;
			children = (
				C0C74AE02858AE9D00E32399 /* LoginViewController.swift */,
			);
			path = "View Controller";
			sourceTree = "<group>";
		};
		C0C74AE22858AEDA00E32399 /* ViewModel */ = {
			isa = PBXGroup;
			children = (
				C0C74AE32858AEE800E32399 /* LoginViewModel.swift */,
			);
			path = ViewModel;
			sourceTree = "<group>";
		};
		C0C74AE52858AF4200E32399 /* Extension */ = {
			isa = PBXGroup;
			children = (
				C0396A8728590A4A00023554 /* DoubleInt+Extension.swift */,
				C0C74AE62858AF6200E32399 /* UITextField+Extension.swift */,
			);
			path = Extension;
			sourceTree = "<group>";
		};
		C0C74AE82858B2EF00E32399 /* Settings */ = {
			isa = PBXGroup;
			children = (
				C0C74AEB2858B31200E32399 /* ViewModel */,
				C0C74AEA2858B30C00E32399 /* Model */,
				C0C74AE92858B30500E32399 /* ViewController */,
			);
			path = Settings;
			sourceTree = "<group>";
		};
		C0C74AE92858B30500E32399 /* ViewController */ = {
			isa = PBXGroup;
			children = (
				C0C74AEC2858B33500E32399 /* SettingsViewController.swift */,
			);
			path = ViewController;
			sourceTree = "<group>";
		};
		C0C74AEA2858B30C00E32399 /* Model */ = {
			isa = PBXGroup;
			children = (
				C0C74AEE2858B3B100E32399 /* Websites.swift */,
			);
			path = Model;
			sourceTree = "<group>";
		};
		C0C74AEB2858B31200E32399 /* ViewModel */ = {
			isa = PBXGroup;
			children = (
				C0C74AF02858B3CA00E32399 /* SettingsViewModel.swift */,
			);
			path = ViewModel;
			sourceTree = "<group>";
		};
		C0C74AF22858B6AE00E32399 /* Web Page */ = {
			isa = PBXGroup;
			children = (
				C0C74AF32858B6B500E32399 /* View Controller */,
			);
			path = "Web Page";
			sourceTree = "<group>";
		};
		C0C74AF32858B6B500E32399 /* View Controller */ = {
			isa = PBXGroup;
			children = (
				C0C74AF42858B6CA00E32399 /* WebviewViewController.swift */,
			);
			path = "View Controller";
			sourceTree = "<group>";
		};
		C0E3EFB7285927EC00D81B68 /* Details */ = {
			isa = PBXGroup;
			children = (
				C0E3EFBE28592A0C00D81B68 /* Model */,
				C0E3EFBB2859295A00D81B68 /* API Service */,
				C0E3EFB82859281000D81B68 /* ViewController */,
				C0E3EFC128592A3F00D81B68 /* ViewModel */,
			);
			path = Details;
			sourceTree = "<group>";
		};
		C0E3EFB82859281000D81B68 /* ViewController */ = {
			isa = PBXGroup;
			children = (
				C0E3EFB92859282500D81B68 /* DetailViewController.swift */,
			);
			path = ViewController;
			sourceTree = "<group>";
		};
		C0E3EFBB2859295A00D81B68 /* API Service */ = {
			isa = PBXGroup;
			children = (
				C0E3EFBC2859296D00D81B68 /* SpecificCoinDataService.swift */,
			);
			path = "API Service";
			sourceTree = "<group>";
		};
		C0E3EFBE28592A0C00D81B68 /* Model */ = {
			isa = PBXGroup;
			children = (
				C0E3EFBF28592A0C00D81B68 /* SpecificCoinModel.swift */,
			);
			path = Model;
			sourceTree = "<group>";
		};
		C0E3EFC128592A3F00D81B68 /* ViewModel */ = {
			isa = PBXGroup;
			children = (
				C0E3EFC228592A3F00D81B68 /* DetailViewModel.swift */,
			);
			path = ViewModel;
			sourceTree = "<group>";
		};
		C3BA24569E57A483B59C86F7 /* Pods */ = {
			isa = PBXGroup;
			children = (
				DD646E5ED12022B6A7F43637 /* Pods-Crypto.debug.xcconfig */,
				302441CF62FD9AAC343F0E0B /* Pods-Crypto.release.xcconfig */,
			);
			path = Pods;
			sourceTree = "<group>";
		};
/* End PBXGroup section */

/* Begin PBXNativeTarget section */
		C0C74ABF2858AA1800E32399 /* Crypto */ = {
			isa = PBXNativeTarget;
			buildConfigurationList = C0C74AD42858AA1B00E32399 /* Build configuration list for PBXNativeTarget "Crypto" */;
			buildPhases = (
				42FC7250DBD393BB816C66F1 /* [CP] Check Pods Manifest.lock */,
				C0C74ABC2858AA1800E32399 /* Sources */,
				C0C74ABD2858AA1800E32399 /* Frameworks */,
				C0C74ABE2858AA1800E32399 /* Resources */,
				6F99B6F0A7070F9344146E94 /* [CP] Embed Pods Frameworks */,
			);
			buildRules = (
			);
			dependencies = (
			);
			name = Crypto;
			packageProductDependencies = (
				C0E3EFC528592B6500D81B68 /* Charts */,
			);
			productName = Crypto;
			productReference = C0C74AC02858AA1800E32399 /* Crypto.app */;
			productType = "com.apple.product-type.application";
		};
/* End PBXNativeTarget section */

/* Begin PBXProject section */
		C0C74AB82858AA1800E32399 /* Project object */ = {
			isa = PBXProject;
			attributes = {
				BuildIndependentTargetsInParallel = 1;
				LastSwiftUpdateCheck = 1340;
				LastUpgradeCheck = 1340;
				TargetAttributes = {
					C0C74ABF2858AA1800E32399 = {
						CreatedOnToolsVersion = 13.4.1;
					};
				};
			};
			buildConfigurationList = C0C74ABB2858AA1800E32399 /* Build configuration list for PBXProject "Crypto" */;
			compatibilityVersion = "Xcode 13.0";
			developmentRegion = en;
			hasScannedForEncodings = 0;
			knownRegions = (
				en,
				Base,
			);
			mainGroup = C0C74AB72858AA1800E32399;
			packageReferences = (
				C0E3EFC428592B6500D81B68 /* XCRemoteSwiftPackageReference "Charts" */,
			);
			productRefGroup = C0C74AC12858AA1800E32399 /* Products */;
			projectDirPath = "";
			projectRoot = "";
			targets = (
				C0C74ABF2858AA1800E32399 /* Crypto */,
			);
		};
/* End PBXProject section */

/* Begin PBXResourcesBuildPhase section */
		C0C74ABE2858AA1800E32399 /* Resources */ = {
			isa = PBXResourcesBuildPhase;
			buildActionMask = 2147483647;
			files = (
				C0396AA528590B0800023554 /* GlobalInfoCollectionViewCell.xib in Resources */,
				C0C74ACD2858AA1B00E32399 /* Assets.xcassets in Resources */,
				C0396AAB28590B6100023554 /* LaunchScreen.storyboard in Resources */,
				C0C74ACB2858AA1800E32399 /* Main.storyboard in Resources */,
				C0396AA328590B0800023554 /* MarketInfoTableViewCell.xib in Resources */,
			);
			runOnlyForDeploymentPostprocessing = 0;
		};
/* End PBXResourcesBuildPhase section */

/* Begin PBXShellScriptBuildPhase section */
		42FC7250DBD393BB816C66F1 /* [CP] Check Pods Manifest.lock */ = {
			isa = PBXShellScriptBuildPhase;
			buildActionMask = 2147483647;
			files = (
			);
			inputFileListPaths = (
			);
			inputPaths = (
				"${PODS_PODFILE_DIR_PATH}/Podfile.lock",
				"${PODS_ROOT}/Manifest.lock",
			);
			name = "[CP] Check Pods Manifest.lock";
			outputFileListPaths = (
			);
			outputPaths = (
				"$(DERIVED_FILE_DIR)/Pods-Crypto-checkManifestLockResult.txt",
			);
			runOnlyForDeploymentPostprocessing = 0;
			shellPath = /bin/sh;
			shellScript = "diff \"${PODS_PODFILE_DIR_PATH}/Podfile.lock\" \"${PODS_ROOT}/Manifest.lock\" > /dev/null\nif [ $? != 0 ] ; then\n    # print error to STDERR\n    echo \"error: The sandbox is not in sync with the Podfile.lock. Run 'pod install' or update your CocoaPods installation.\" >&2\n    exit 1\nfi\n# This output is used by Xcode 'outputs' to avoid re-running this script phase.\necho \"SUCCESS\" > \"${SCRIPT_OUTPUT_FILE_0}\"\n";
			showEnvVarsInLog = 0;
		};
		6F99B6F0A7070F9344146E94 /* [CP] Embed Pods Frameworks */ = {
			isa = PBXShellScriptBuildPhase;
			buildActionMask = 2147483647;
			files = (
			);
			inputFileListPaths = (
				"${PODS_ROOT}/Target Support Files/Pods-Crypto/Pods-Crypto-frameworks-${CONFIGURATION}-input-files.xcfilelist",
			);
			name = "[CP] Embed Pods Frameworks";
			outputFileListPaths = (
				"${PODS_ROOT}/Target Support Files/Pods-Crypto/Pods-Crypto-frameworks-${CONFIGURATION}-output-files.xcfilelist",
			);
			runOnlyForDeploymentPostprocessing = 0;
			shellPath = /bin/sh;
			shellScript = "\"${PODS_ROOT}/Target Support Files/Pods-Crypto/Pods-Crypto-frameworks.sh\"\n";
			showEnvVarsInLog = 0;
		};
/* End PBXShellScriptBuildPhase section */

/* Begin PBXSourcesBuildPhase section */
		C0C74ABC2858AA1800E32399 /* Sources */ = {
			isa = PBXSourcesBuildPhase;
			buildActionMask = 2147483647;
			files = (
				C0C74AE12858AE9D00E32399 /* LoginViewController.swift in Sources */,
				C0396AA428590B0800023554 /* MarketInfoTableViewCell.swift in Sources */,
				C0E3EFC028592A0C00D81B68 /* SpecificCoinModel.swift in Sources */,
				C0C74AC82858AA1800E32399 /* ViewController.swift in Sources */,
				C0396AA028590B0800023554 /* GlobalMarketModel.swift in Sources */,
				C0C74AED2858B33500E32399 /* SettingsViewController.swift in Sources */,
				C0C74AC42858AA1800E32399 /* AppDelegate.swift in Sources */,
				C0C74AE72858AF6200E32399 /* UITextField+Extension.swift in Sources */,
				C0C74AE42858AEE800E32399 /* LoginViewModel.swift in Sources */,
				C0396AA128590B0800023554 /* CoinService.swift in Sources */,
				C0396AA828590B0800023554 /* MarketInfoTableViewHelper.swift in Sources */,
				C0396A8828590A4A00023554 /* DoubleInt+Extension.swift in Sources */,
				C0E3EFBA2859282500D81B68 /* DetailViewController.swift in Sources */,
				C0E3EFC328592A3F00D81B68 /* DetailViewModel.swift in Sources */,
				C0C74AF52858B6CA00E32399 /* WebviewViewController.swift in Sources */,
				C0396AA228590B0800023554 /* GlobalMarketService.swift in Sources */,
				C0E3EFBD2859296D00D81B68 /* SpecificCoinDataService.swift in Sources */,
				C0396A9E28590B0800023554 /* MarketInfoViewModel.swift in Sources */,
				C0C74AC62858AA1800E32399 /* SceneDelegate.swift in Sources */,
				C0C74AEF2858B3B100E32399 /* Websites.swift in Sources */,
				C0396AA628590B0800023554 /* GlobalInfoCollectionViewCell.swift in Sources */,
				C0C74AF12858B3CA00E32399 /* SettingsViewModel.swift in Sources */,
				C0396A9F28590B0800023554 /* CoinsModel.swift in Sources */,
				C0396AA728590B0800023554 /* MarketInfoViewController.swift in Sources */,
				C0396AA928590B0800023554 /* MarketInfoCollectionViewHelper.swift in Sources */,
			);
			runOnlyForDeploymentPostprocessing = 0;
		};
/* End PBXSourcesBuildPhase section */

/* Begin PBXVariantGroup section */
		C0C74AC92858AA1800E32399 /* Main.storyboard */ = {
			isa = PBXVariantGroup;
			children = (
				C0C74ACA2858AA1800E32399 /* Base */,
			);
			name = Main.storyboard;
			sourceTree = "<group>";
		};
/* End PBXVariantGroup section */

/* Begin XCBuildConfiguration section */
		C0C74AD22858AA1B00E32399 /* Debug */ = {
			isa = XCBuildConfiguration;
			buildSettings = {
				ALWAYS_SEARCH_USER_PATHS = NO;
				CLANG_ANALYZER_NONNULL = YES;
				CLANG_ANALYZER_NUMBER_OBJECT_CONVERSION = YES_AGGRESSIVE;
				CLANG_CXX_LANGUAGE_STANDARD = "gnu++17";
				CLANG_ENABLE_MODULES = YES;
				CLANG_ENABLE_OBJC_ARC = YES;
				CLANG_ENABLE_OBJC_WEAK = YES;
				CLANG_WARN_BLOCK_CAPTURE_AUTORELEASING = YES;
				CLANG_WARN_BOOL_CONVERSION = YES;
				CLANG_WARN_COMMA = YES;
				CLANG_WARN_CONSTANT_CONVERSION = YES;
				CLANG_WARN_DEPRECATED_OBJC_IMPLEMENTATIONS = YES;
				CLANG_WARN_DIRECT_OBJC_ISA_USAGE = YES_ERROR;
				CLANG_WARN_DOCUMENTATION_COMMENTS = YES;
				CLANG_WARN_EMPTY_BODY = YES;
				CLANG_WARN_ENUM_CONVERSION = YES;
				CLANG_WARN_INFINITE_RECURSION = YES;
				CLANG_WARN_INT_CONVERSION = YES;
				CLANG_WARN_NON_LITERAL_NULL_CONVERSION = YES;
				CLANG_WARN_OBJC_IMPLICIT_RETAIN_SELF = YES;
				CLANG_WARN_OBJC_LITERAL_CONVERSION = YES;
				CLANG_WARN_OBJC_ROOT_CLASS = YES_ERROR;
				CLANG_WARN_QUOTED_INCLUDE_IN_FRAMEWORK_HEADER = YES;
				CLANG_WARN_RANGE_LOOP_ANALYSIS = YES;
				CLANG_WARN_STRICT_PROTOTYPES = YES;
				CLANG_WARN_SUSPICIOUS_MOVE = YES;
				CLANG_WARN_UNGUARDED_AVAILABILITY = YES_AGGRESSIVE;
				CLANG_WARN_UNREACHABLE_CODE = YES;
				CLANG_WARN__DUPLICATE_METHOD_MATCH = YES;
				COPY_PHASE_STRIP = NO;
				DEBUG_INFORMATION_FORMAT = dwarf;
				ENABLE_STRICT_OBJC_MSGSEND = YES;
				ENABLE_TESTABILITY = YES;
				GCC_C_LANGUAGE_STANDARD = gnu11;
				GCC_DYNAMIC_NO_PIC = NO;
				GCC_NO_COMMON_BLOCKS = YES;
				GCC_OPTIMIZATION_LEVEL = 0;
				GCC_PREPROCESSOR_DEFINITIONS = (
					"DEBUG=1",
					"$(inherited)",
				);
				GCC_WARN_64_TO_32_BIT_CONVERSION = YES;
				GCC_WARN_ABOUT_RETURN_TYPE = YES_ERROR;
				GCC_WARN_UNDECLARED_SELECTOR = YES;
				GCC_WARN_UNINITIALIZED_AUTOS = YES_AGGRESSIVE;
				GCC_WARN_UNUSED_FUNCTION = YES;
				GCC_WARN_UNUSED_VARIABLE = YES;
				IPHONEOS_DEPLOYMENT_TARGET = 15.5;
				MTL_ENABLE_DEBUG_INFO = INCLUDE_SOURCE;
				MTL_FAST_MATH = YES;
				ONLY_ACTIVE_ARCH = YES;
				SDKROOT = iphoneos;
				SWIFT_ACTIVE_COMPILATION_CONDITIONS = DEBUG;
				SWIFT_OPTIMIZATION_LEVEL = "-Onone";
			};
			name = Debug;
		};
		C0C74AD32858AA1B00E32399 /* Release */ = {
			isa = XCBuildConfiguration;
			buildSettings = {
				ALWAYS_SEARCH_USER_PATHS = NO;
				CLANG_ANALYZER_NONNULL = YES;
				CLANG_ANALYZER_NUMBER_OBJECT_CONVERSION = YES_AGGRESSIVE;
				CLANG_CXX_LANGUAGE_STANDARD = "gnu++17";
				CLANG_ENABLE_MODULES = YES;
				CLANG_ENABLE_OBJC_ARC = YES;
				CLANG_ENABLE_OBJC_WEAK = YES;
				CLANG_WARN_BLOCK_CAPTURE_AUTORELEASING = YES;
				CLANG_WARN_BOOL_CONVERSION = YES;
				CLANG_WARN_COMMA = YES;
				CLANG_WARN_CONSTANT_CONVERSION = YES;
				CLANG_WARN_DEPRECATED_OBJC_IMPLEMENTATIONS = YES;
				CLANG_WARN_DIRECT_OBJC_ISA_USAGE = YES_ERROR;
				CLANG_WARN_DOCUMENTATION_COMMENTS = YES;
				CLANG_WARN_EMPTY_BODY = YES;
				CLANG_WARN_ENUM_CONVERSION = YES;
				CLANG_WARN_INFINITE_RECURSION = YES;
				CLANG_WARN_INT_CONVERSION = YES;
				CLANG_WARN_NON_LITERAL_NULL_CONVERSION = YES;
				CLANG_WARN_OBJC_IMPLICIT_RETAIN_SELF = YES;
				CLANG_WARN_OBJC_LITERAL_CONVERSION = YES;
				CLANG_WARN_OBJC_ROOT_CLASS = YES_ERROR;
				CLANG_WARN_QUOTED_INCLUDE_IN_FRAMEWORK_HEADER = YES;
				CLANG_WARN_RANGE_LOOP_ANALYSIS = YES;
				CLANG_WARN_STRICT_PROTOTYPES = YES;
				CLANG_WARN_SUSPICIOUS_MOVE = YES;
				CLANG_WARN_UNGUARDED_AVAILABILITY = YES_AGGRESSIVE;
				CLANG_WARN_UNREACHABLE_CODE = YES;
				CLANG_WARN__DUPLICATE_METHOD_MATCH = YES;
				COPY_PHASE_STRIP = NO;
				DEBUG_INFORMATION_FORMAT = "dwarf-with-dsym";
				ENABLE_NS_ASSERTIONS = NO;
				ENABLE_STRICT_OBJC_MSGSEND = YES;
				GCC_C_LANGUAGE_STANDARD = gnu11;
				GCC_NO_COMMON_BLOCKS = YES;
				GCC_WARN_64_TO_32_BIT_CONVERSION = YES;
				GCC_WARN_ABOUT_RETURN_TYPE = YES_ERROR;
				GCC_WARN_UNDECLARED_SELECTOR = YES;
				GCC_WARN_UNINITIALIZED_AUTOS = YES_AGGRESSIVE;
				GCC_WARN_UNUSED_FUNCTION = YES;
				GCC_WARN_UNUSED_VARIABLE = YES;
				IPHONEOS_DEPLOYMENT_TARGET = 15.5;
				MTL_ENABLE_DEBUG_INFO = NO;
				MTL_FAST_MATH = YES;
				SDKROOT = iphoneos;
				SWIFT_COMPILATION_MODE = wholemodule;
				SWIFT_OPTIMIZATION_LEVEL = "-O";
				VALIDATE_PRODUCT = YES;
			};
			name = Release;
		};
		C0C74AD52858AA1B00E32399 /* Debug */ = {
			isa = XCBuildConfiguration;
			baseConfigurationReference = DD646E5ED12022B6A7F43637 /* Pods-Crypto.debug.xcconfig */;
			buildSettings = {
				ASSETCATALOG_COMPILER_APPICON_NAME = AppIcon;
				ASSETCATALOG_COMPILER_GLOBAL_ACCENT_COLOR_NAME = AccentColor;
				CODE_SIGN_STYLE = Automatic;
				CURRENT_PROJECT_VERSION = 1;
				GENERATE_INFOPLIST_FILE = YES;
				INFOPLIST_FILE = Crypto/Info.plist;
				INFOPLIST_KEY_UIApplicationSupportsIndirectInputEvents = YES;
				INFOPLIST_KEY_UILaunchStoryboardName = LaunchScreen;
				INFOPLIST_KEY_UIMainStoryboardFile = Main;
				INFOPLIST_KEY_UISupportedInterfaceOrientations_iPad = "UIInterfaceOrientationPortrait UIInterfaceOrientationPortraitUpsideDown UIInterfaceOrientationLandscapeLeft UIInterfaceOrientationLandscapeRight";
				INFOPLIST_KEY_UISupportedInterfaceOrientations_iPhone = UIInterfaceOrientationPortrait;
				LD_RUNPATH_SEARCH_PATHS = (
					"$(inherited)",
					"@executable_path/Frameworks",
				);
				MARKETING_VERSION = 1.0;
				PRODUCT_BUNDLE_IDENTIFIER = com.berk.Crypto;
				PRODUCT_NAME = "$(TARGET_NAME)";
				SWIFT_EMIT_LOC_STRINGS = YES;
				SWIFT_VERSION = 5.0;
				TARGETED_DEVICE_FAMILY = "1,2";
			};
			name = Debug;
		};
		C0C74AD62858AA1B00E32399 /* Release */ = {
			isa = XCBuildConfiguration;
			baseConfigurationReference = 302441CF62FD9AAC343F0E0B /* Pods-Crypto.release.xcconfig */;
			buildSettings = {
				ASSETCATALOG_COMPILER_APPICON_NAME = AppIcon;
				ASSETCATALOG_COMPILER_GLOBAL_ACCENT_COLOR_NAME = AccentColor;
				CODE_SIGN_STYLE = Automatic;
				CURRENT_PROJECT_VERSION = 1;
				GENERATE_INFOPLIST_FILE = YES;
				INFOPLIST_FILE = Crypto/Info.plist;
				INFOPLIST_KEY_UIApplicationSupportsIndirectInputEvents = YES;
				INFOPLIST_KEY_UILaunchStoryboardName = LaunchScreen;
				INFOPLIST_KEY_UIMainStoryboardFile = Main;
				INFOPLIST_KEY_UISupportedInterfaceOrientations_iPad = "UIInterfaceOrientationPortrait UIInterfaceOrientationPortraitUpsideDown UIInterfaceOrientationLandscapeLeft UIInterfaceOrientationLandscapeRight";
				INFOPLIST_KEY_UISupportedInterfaceOrientations_iPhone = UIInterfaceOrientationPortrait;
				LD_RUNPATH_SEARCH_PATHS = (
					"$(inherited)",
					"@executable_path/Frameworks",
				);
				MARKETING_VERSION = 1.0;
				PRODUCT_BUNDLE_IDENTIFIER = com.berk.Crypto;
				PRODUCT_NAME = "$(TARGET_NAME)";
				SWIFT_EMIT_LOC_STRINGS = YES;
				SWIFT_VERSION = 5.0;
				TARGETED_DEVICE_FAMILY = "1,2";
			};
			name = Release;
		};
/* End XCBuildConfiguration section */

/* Begin XCConfigurationList section */
		C0C74ABB2858AA1800E32399 /* Build configuration list for PBXProject "Crypto" */ = {
			isa = XCConfigurationList;
			buildConfigurations = (
				C0C74AD22858AA1B00E32399 /* Debug */,
				C0C74AD32858AA1B00E32399 /* Release */,
			);
			defaultConfigurationIsVisible = 0;
			defaultConfigurationName = Release;
		};
		C0C74AD42858AA1B00E32399 /* Build configuration list for PBXNativeTarget "Crypto" */ = {
			isa = XCConfigurationList;
			buildConfigurations = (
				C0C74AD52858AA1B00E32399 /* Debug */,
				C0C74AD62858AA1B00E32399 /* Release */,
			);
			defaultConfigurationIsVisible = 0;
			defaultConfigurationName = Release;
		};
/* End XCConfigurationList section */

/* Begin XCRemoteSwiftPackageReference section */
		C0E3EFC428592B6500D81B68 /* XCRemoteSwiftPackageReference "Charts" */ = {
			isa = XCRemoteSwiftPackageReference;
			repositoryURL = "https://github.com/danielgindi/Charts.git";
			requirement = {
				kind = upToNextMajorVersion;
				minimumVersion = 3.0.0;
			};
		};
/* End XCRemoteSwiftPackageReference section */

/* Begin XCSwiftPackageProductDependency section */
		C0E3EFC528592B6500D81B68 /* Charts */ = {
			isa = XCSwiftPackageProductDependency;
			package = C0E3EFC428592B6500D81B68 /* XCRemoteSwiftPackageReference "Charts" */;
			productName = Charts;
		};
/* End XCSwiftPackageProductDependency section */
	};
	rootObject = C0C74AB82858AA1800E32399 /* Project object */;
}
